
Microsoft Visual Studio Solution File, Format Version 12.00
# Visual Studio Version 17
VisualStudioVersion = 17.9.34714.143
MinimumVisualStudioVersion = 10.0.40219.1
Project("{FAE04EC0-301F-11D3-BF4B-00C04F79EFBC}") = "MessageHubTransfer", "MessageHubTransfer\MessageHubTransfer.csproj", "{ACE0EE1B-0A45-4B81-B895-22E926CCC7E8}"
EndProject
Global
	GlobalSection(SolutionConfigurationPlatforms) = preSolution
		Debug|Any CPU = Debug|Any CPU
		Release|Any CPU = Release|Any CPU
	EndGlobalSection
	GlobalSection(ProjectConfigurationPlatforms) = postSolution
		{ACE0EE1B-0A45-4B81-B895-22E926CCC7E8}.Debug|Any CPU.ActiveCfg = Debug|Any CPU
		{ACE0EE1B-0A45-4B81-B895-22E926CCC7E8}.Debug|Any CPU.Build.0 = Debug|Any CPU
		{ACE0EE1B-0A45-4B81-B895-22E926CCC7E8}.Release|Any CPU.ActiveCfg = Release|Any CPU
		{ACE0EE1B-0A45-4B81-B895-22E926CCC7E8}.Release|Any CPU.Build.0 = Release|Any CPU
	EndGlobalSection
	GlobalSection(SolutionProperties) = preSolution
		HideSolutionNode = FALSE
	EndGlobalSection
	GlobalSection(ExtensibilityGlobals) = postSolution
		SolutionGuid = {B5F640A2-ED7B-4215-9E08-AC3D88C2A5BC}
	EndGlobalSection
EndGlobal
